// !$*UTF8*$!
{
	archiveVersion = 1;
	classes = {
	};
	objectVersion = 51;
	objects = {

/* Begin PBXBuildFile section */
		4D70A2BD245F943C0046F46B /* AppDelegate.swift in Sources */ = {isa = PBXBuildFile; fileRef = 4D70A2BC245F943C0046F46B /* AppDelegate.swift */; };
		4D70A2BF245F943C0046F46B /* ViewController.swift in Sources */ = {isa = PBXBuildFile; fileRef = 4D70A2BE245F943C0046F46B /* ViewController.swift */; };
		4D70A2C1245F943E0046F46B /* Assets.xcassets in Resources */ = {isa = PBXBuildFile; fileRef = 4D70A2C0245F943E0046F46B /* Assets.xcassets */; };
		4D70A2C4245F943E0046F46B /* Main.storyboard in Resources */ = {isa = PBXBuildFile; fileRef = 4D70A2C2245F943E0046F46B /* Main.storyboard */; };
		9575E494EC8661320931C748 /* Pods_PianoVista.framework in Frameworks */ = {isa = PBXBuildFile; fileRef = 589D8C8C606EC912E2606E6D /* Pods_PianoVista.framework */; };
/* End PBXBuildFile section */

/* Begin PBXFileReference section */
		20873631F53D028F436BE6CD /* Pods-PianoVista.debug.xcconfig */ = {isa = PBXFileReference; includeInIndex = 1; lastKnownFileType = text.xcconfig; name = "Pods-PianoVista.debug.xcconfig"; path = "Target Support Files/Pods-PianoVista/Pods-PianoVista.debug.xcconfig"; sourceTree = "<group>"; };
		4D70A2B9245F943C0046F46B /* PianoVista.app */ = {isa = PBXFileReference; explicitFileType = wrapper.application; includeInIndex = 0; path = PianoVista.app; sourceTree = BUILT_PRODUCTS_DIR; };
		4D70A2BC245F943C0046F46B /* AppDelegate.swift */ = {isa = PBXFileReference; lastKnownFileType = sourcecode.swift; path = AppDelegate.swift; sourceTree = "<group>"; };
		4D70A2BE245F943C0046F46B /* ViewController.swift */ = {isa = PBXFileReference; lastKnownFileType = sourcecode.swift; path = ViewController.swift; sourceTree = "<group>"; };
		4D70A2C0245F943E0046F46B /* Assets.xcassets */ = {isa = PBXFileReference; lastKnownFileType = folder.assetcatalog; path = Assets.xcassets; sourceTree = "<group>"; };
		4D70A2C3245F943E0046F46B /* Base */ = {isa = PBXFileReference; lastKnownFileType = file.storyboard; name = Base; path = Base.lproj/Main.storyboard; sourceTree = "<group>"; };
		4D70A2C5245F943E0046F46B /* Info.plist */ = {isa = PBXFileReference; lastKnownFileType = text.plist.xml; path = Info.plist; sourceTree = "<group>"; };
		4D70A2C6245F943E0046F46B /* PianoVista.entitlements */ = {isa = PBXFileReference; lastKnownFileType = text.plist.entitlements; path = PianoVista.entitlements; sourceTree = "<group>"; };
		589D8C8C606EC912E2606E6D /* Pods_PianoVista.framework */ = {isa = PBXFileReference; explicitFileType = wrapper.framework; includeInIndex = 0; path = Pods_PianoVista.framework; sourceTree = BUILT_PRODUCTS_DIR; };
		CF553FE7874D56ECBD02903F /* Pods-PianoVista.release.xcconfig */ = {isa = PBXFileReference; includeInIndex = 1; lastKnownFileType = text.xcconfig; name = "Pods-PianoVista.release.xcconfig"; path = "Target Support Files/Pods-PianoVista/Pods-PianoVista.release.xcconfig"; sourceTree = "<group>"; };
/* End PBXFileReference section */

/* Begin PBXFrameworksBuildPhase section */
		4D70A2B6245F943C0046F46B /* Frameworks */ = {
			isa = PBXFrameworksBuildPhase;
			buildActionMask = 2147483647;
			files = (
				9575E494EC8661320931C748 /* Pods_PianoVista.framework in Frameworks */,
			);
			runOnlyForDeploymentPostprocessing = 0;
		};
/* End PBXFrameworksBuildPhase section */

/* Begin PBXGroup section */
		11B8DCB63649EB382206635A /* Frameworks */ = {
			isa = PBXGroup;
			children = (
				589D8C8C606EC912E2606E6D /* Pods_PianoVista.framework */,
			);
			name = Frameworks;
			sourceTree = "<group>";
		};
		2B30A299681201CA2D44A93E /* Pods */ = {
			isa = PBXGroup;
			children = (
				20873631F53D028F436BE6CD /* Pods-PianoVista.debug.xcconfig */,
				CF553FE7874D56ECBD02903F /* Pods-PianoVista.release.xcconfig */,
			);
			path = Pods;
			sourceTree = "<group>";
		};
		4D70A2B0245F943C0046F46B = {
			isa = PBXGroup;
			children = (
				4D70A2BB245F943C0046F46B /* PianoVista */,
				4D70A2BA245F943C0046F46B /* Products */,
				2B30A299681201CA2D44A93E /* Pods */,
				11B8DCB63649EB382206635A /* Frameworks */,
			);
			sourceTree = "<group>";
		};
		4D70A2BA245F943C0046F46B /* Products */ = {
			isa = PBXGroup;
			children = (
				4D70A2B9245F943C0046F46B /* PianoVista.app */,
			);
			name = Products;
			sourceTree = "<group>";
		};
		4D70A2BB245F943C0046F46B /* PianoVista */ = {
			isa = PBXGroup;
			children = (
				4D70A2BC245F943C0046F46B /* AppDelegate.swift */,
				4D70A2BE245F943C0046F46B /* ViewController.swift */,
				4D70A2C0245F943E0046F46B /* Assets.xcassets */,
				4D70A2C2245F943E0046F46B /* Main.storyboard */,
				4D70A2C5245F943E0046F46B /* Info.plist */,
				4D70A2C6245F943E0046F46B /* PianoVista.entitlements */,
			);
			path = PianoVista;
			sourceTree = "<group>";
		};
/* End PBXGroup section */

/* Begin PBXNativeTarget section */
		4D70A2B8245F943C0046F46B /* PianoVista */ = {
			isa = PBXNativeTarget;
			buildConfigurationList = 4D70A2C9245F943E0046F46B /* Build configuration list for PBXNativeTarget "PianoVista" */;
			buildPhases = (
				808E39FD393F2DB230FFB05A /* [CP] Check Pods Manifest.lock */,
				4D70A2B5245F943C0046F46B /* Sources */,
				4D70A2B6245F943C0046F46B /* Frameworks */,
				4D70A2B7245F943C0046F46B /* Resources */,
				CA09492118A638910D0E9150 /* [CP] Embed Pods Frameworks */,
			);
			buildRules = (
			);
			dependencies = (
			);
			name = PianoVista;
			productName = PianoVista;
			productReference = 4D70A2B9245F943C0046F46B /* PianoVista.app */;
			productType = "com.apple.product-type.application";
		};
/* End PBXNativeTarget section */

/* Begin PBXProject section */
		4D70A2B1245F943C0046F46B /* Project object */ = {
			isa = PBXProject;
			attributes = {
				LastSwiftUpdateCheck = 1140;
				LastUpgradeCheck = 1140;
				ORGANIZATIONNAME = "Tyler Sheaffer";
				TargetAttributes = {
					4D70A2B8245F943C0046F46B = {
						CreatedOnToolsVersion = 11.4.1;
					};
				};
			};
			buildConfigurationList = 4D70A2B4245F943C0046F46B /* Build configuration list for PBXProject "PianoVista" */;
			compatibilityVersion = "Xcode 9.3";
			developmentRegion = en;
			hasScannedForEncodings = 0;
			knownRegions = (
				en,
				Base,
			);
			mainGroup = 4D70A2B0245F943C0046F46B;
			productRefGroup = 4D70A2BA245F943C0046F46B /* Products */;
			projectDirPath = "";
			projectRoot = "";
			targets = (
				4D70A2B8245F943C0046F46B /* PianoVista */,
			);
		};
/* End PBXProject section */

/* Begin PBXResourcesBuildPhase section */
		4D70A2B7245F943C0046F46B /* Resources */ = {
			isa = PBXResourcesBuildPhase;
			buildActionMask = 2147483647;
			files = (
				4D70A2C1245F943E0046F46B /* Assets.xcassets in Resources */,
				4D70A2C4245F943E0046F46B /* Main.storyboard in Resources */,
			);
			runOnlyForDeploymentPostprocessing = 0;
		};
/* End PBXResourcesBuildPhase section */

/* Begin PBXShellScriptBuildPhase section */
		808E39FD393F2DB230FFB05A /* [CP] Check Pods Manifest.lock */ = {
			isa = PBXShellScriptBuildPhase;
			buildActionMask = 2147483647;
			files = (
			);
			inputFileListPaths = (
			);
			inputPaths = (
				"${PODS_PODFILE_DIR_PATH}/Podfile.lock",
				"${PODS_ROOT}/Manifest.lock",
			);
			name = "[CP] Check Pods Manifest.lock";
			outputFileListPaths = (
			);
			outputPaths = (
				"$(DERIVED_FILE_DIR)/Pods-PianoVista-checkManifestLockResult.txt",
			);
			runOnlyForDeploymentPostprocessing = 0;
			shellPath = /bin/sh;
			shellScript = "diff \"${PODS_PODFILE_DIR_PATH}/Podfile.lock\" \"${PODS_ROOT}/Manifest.lock\" > /dev/null\nif [ $? != 0 ] ; then\n    # print error to STDERR\n    echo \"error: The sandbox is not in sync with the Podfile.lock. Run 'pod install' or update your CocoaPods installation.\" >&2\n    exit 1\nfi\n# This output is used by Xcode 'outputs' to avoid re-running this script phase.\necho \"SUCCESS\" > \"${SCRIPT_OUTPUT_FILE_0}\"\n";
			showEnvVarsInLog = 0;
		};
		CA09492118A638910D0E9150 /* [CP] Embed Pods Frameworks */ = {
			isa = PBXShellScriptBuildPhase;
			buildActionMask = 2147483647;
			files = (
			);
			inputFileListPaths = (
				"${PODS_ROOT}/Target Support Files/Pods-PianoVista/Pods-PianoVista-frameworks-${CONFIGURATION}-input-files.xcfilelist",
			);
			name = "[CP] Embed Pods Frameworks";
			outputFileListPaths = (
				"${PODS_ROOT}/Target Support Files/Pods-PianoVista/Pods-PianoVista-frameworks-${CONFIGURATION}-output-files.xcfilelist",
			);
			runOnlyForDeploymentPostprocessing = 0;
			shellPath = /bin/sh;
			shellScript = "\"${PODS_ROOT}/Target Support Files/Pods-PianoVista/Pods-PianoVista-frameworks.sh\"\n";
			showEnvVarsInLog = 0;
		};
/* End PBXShellScriptBuildPhase section */

/* Begin PBXSourcesBuildPhase section */
		4D70A2B5245F943C0046F46B /* Sources */ = {
			isa = PBXSourcesBuildPhase;
			buildActionMask = 2147483647;
			files = (
				4D70A2BF245F943C0046F46B /* ViewController.swift in Sources */,
				4D70A2BD245F943C0046F46B /* AppDelegate.swift in Sources */,
			);
			runOnlyForDeploymentPostprocessing = 0;
		};
/* End PBXSourcesBuildPhase section */

/* Begin PBXVariantGroup section */
		4D70A2C2245F943E0046F46B /* Main.storyboard */ = {
			isa = PBXVariantGroup;
			children = (
				4D70A2C3245F943E0046F46B /* Base */,
			);
			name = Main.storyboard;
			sourceTree = "<group>";
		};
/* End PBXVariantGroup section */

/* Begin XCBuildConfiguration section */
		4D70A2C7245F943E0046F46B /* Debug */ = {
			isa = XCBuildConfiguration;
			buildSettings = {
				ALWAYS_SEARCH_USER_PATHS = NO;
				CLANG_ANALYZER_NONNULL = YES;
				CLANG_ANALYZER_NUMBER_OBJECT_CONVERSION = YES_AGGRESSIVE;
				CLANG_CXX_LANGUAGE_STANDARD = "gnu++14";
				CLANG_CXX_LIBRARY = "libc++";
				CLANG_ENABLE_MODULES = YES;
				CLANG_ENABLE_OBJC_ARC = YES;
				CLANG_ENABLE_OBJC_WEAK = YES;
				CLANG_WARN_BLOCK_CAPTURE_AUTORELEASING = YES;
				CLANG_WARN_BOOL_CONVERSION = YES;
				CLANG_WARN_COMMA = YES;
				CLANG_WARN_CONSTANT_CONVERSION = YES;
				CLANG_WARN_DEPRECATED_OBJC_IMPLEMENTATIONS = YES;
				CLANG_WARN_DIRECT_OBJC_ISA_USAGE = YES_ERROR;
				CLANG_WARN_DOCUMENTATION_COMMENTS = YES;
				CLANG_WARN_EMPTY_BODY = YES;
				CLANG_WARN_ENUM_CONVERSION = YES;
				CLANG_WARN_INFINITE_RECURSION = YES;
				CLANG_WARN_INT_CONVERSION = YES;
				CLANG_WARN_NON_LITERAL_NULL_CONVERSION = YES;
				CLANG_WARN_OBJC_IMPLICIT_RETAIN_SELF = YES;
				CLANG_WARN_OBJC_LITERAL_CONVERSION = YES;
				CLANG_WARN_OBJC_ROOT_CLASS = YES_ERROR;
				CLANG_WARN_RANGE_LOOP_ANALYSIS = YES;
				CLANG_WARN_STRICT_PROTOTYPES = YES;
				CLANG_WARN_SUSPICIOUS_MOVE = YES;
				CLANG_WARN_UNGUARDED_AVAILABILITY = YES_AGGRESSIVE;
				CLANG_WARN_UNREACHABLE_CODE = YES;
				CLANG_WARN__DUPLICATE_METHOD_MATCH = YES;
				COPY_PHASE_STRIP = NO;
				DEBUG_INFORMATION_FORMAT = dwarf;
				ENABLE_STRICT_OBJC_MSGSEND = YES;
				ENABLE_TESTABILITY = YES;
				GCC_C_LANGUAGE_STANDARD = gnu11;
				GCC_DYNAMIC_NO_PIC = NO;
				GCC_NO_COMMON_BLOCKS = YES;
				GCC_OPTIMIZATION_LEVEL = 0;
				GCC_PREPROCESSOR_DEFINITIONS = (
					"DEBUG=1",
					"$(inherited)",
				);
				GCC_WARN_64_TO_32_BIT_CONVERSION = YES;
				GCC_WARN_ABOUT_RETURN_TYPE = YES_ERROR;
				GCC_WARN_UNDECLARED_SELECTOR = YES;
				GCC_WARN_UNINITIALIZED_AUTOS = YES_AGGRESSIVE;
				GCC_WARN_UNUSED_FUNCTION = YES;
				GCC_WARN_UNUSED_VARIABLE = YES;
				MACOSX_DEPLOYMENT_TARGET = 10.10;
				MTL_ENABLE_DEBUG_INFO = INCLUDE_SOURCE;
				MTL_FAST_MATH = YES;
				ONLY_ACTIVE_ARCH = YES;
				SDKROOT = macosx;
				SWIFT_ACTIVE_COMPILATION_CONDITIONS = DEBUG;
				SWIFT_OPTIMIZATION_LEVEL = "-Onone";
			};
			name = Debug;
		};
		4D70A2C8245F943E0046F46B /* Release */ = {
			isa = XCBuildConfiguration;
			buildSettings = {
				ALWAYS_SEARCH_USER_PATHS = NO;
				CLANG_ANALYZER_NONNULL = YES;
				CLANG_ANALYZER_NUMBER_OBJECT_CONVERSION = YES_AGGRESSIVE;
				CLANG_CXX_LANGUAGE_STANDARD = "gnu++14";
				CLANG_CXX_LIBRARY = "libc++";
				CLANG_ENABLE_MODULES = YES;
				CLANG_ENABLE_OBJC_ARC = YES;
				CLANG_ENABLE_OBJC_WEAK = YES;
				CLANG_WARN_BLOCK_CAPTURE_AUTORELEASING = YES;
				CLANG_WARN_BOOL_CONVERSION = YES;
				CLANG_WARN_COMMA = YES;
				CLANG_WARN_CONSTANT_CONVERSION = YES;
				CLANG_WARN_DEPRECATED_OBJC_IMPLEMENTATIONS = YES;
				CLANG_WARN_DIRECT_OBJC_ISA_USAGE = YES_ERROR;
				CLANG_WARN_DOCUMENTATION_COMMENTS = YES;
				CLANG_WARN_EMPTY_BODY = YES;
				CLANG_WARN_ENUM_CONVERSION = YES;
				CLANG_WARN_INFINITE_RECURSION = YES;
				CLANG_WARN_INT_CONVERSION = YES;
				CLANG_WARN_NON_LITERAL_NULL_CONVERSION = YES;
				CLANG_WARN_OBJC_IMPLICIT_RETAIN_SELF = YES;
				CLANG_WARN_OBJC_LITERAL_CONVERSION = YES;
				CLANG_WARN_OBJC_ROOT_CLASS = YES_ERROR;
				CLANG_WARN_RANGE_LOOP_ANALYSIS = YES;
				CLANG_WARN_STRICT_PROTOTYPES = YES;
				CLANG_WARN_SUSPICIOUS_MOVE = YES;
				CLANG_WARN_UNGUARDED_AVAILABILITY = YES_AGGRESSIVE;
				CLANG_WARN_UNREACHABLE_CODE = YES;
				CLANG_WARN__DUPLICATE_METHOD_MATCH = YES;
				COPY_PHASE_STRIP = NO;
				DEBUG_INFORMATION_FORMAT = "dwarf-with-dsym";
				ENABLE_NS_ASSERTIONS = NO;
				ENABLE_STRICT_OBJC_MSGSEND = YES;
				GCC_C_LANGUAGE_STANDARD = gnu11;
				GCC_NO_COMMON_BLOCKS = YES;
				GCC_WARN_64_TO_32_BIT_CONVERSION = YES;
				GCC_WARN_ABOUT_RETURN_TYPE = YES_ERROR;
				GCC_WARN_UNDECLARED_SELECTOR = YES;
				GCC_WARN_UNINITIALIZED_AUTOS = YES_AGGRESSIVE;
				GCC_WARN_UNUSED_FUNCTION = YES;
				GCC_WARN_UNUSED_VARIABLE = YES;
				MACOSX_DEPLOYMENT_TARGET = 10.10;
				MTL_ENABLE_DEBUG_INFO = NO;
				MTL_FAST_MATH = YES;
				SDKROOT = macosx;
				SWIFT_COMPILATION_MODE = wholemodule;
				SWIFT_OPTIMIZATION_LEVEL = "-O";
			};
			name = Release;
		};
		4D70A2CA245F943E0046F46B /* Debug */ = {
			isa = XCBuildConfiguration;
			baseConfigurationReference = 20873631F53D028F436BE6CD /* Pods-PianoVista.debug.xcconfig */;
			buildSettings = {
				ASSETCATALOG_COMPILER_APPICON_NAME = AppIcon;
				CODE_SIGN_ENTITLEMENTS = PianoVista/PianoVista.entitlements;
				CODE_SIGN_STYLE = Automatic;
				COMBINE_HIDPI_IMAGES = YES;
				DEVELOPMENT_TEAM = M28H8UCMWT;
				ENABLE_HARDENED_RUNTIME = YES;
				INFOPLIST_FILE = PianoVista/Info.plist;
				LD_RUNPATH_SEARCH_PATHS = (
					"$(inherited)",
					"@executable_path/../Frameworks",
				);
				PRODUCT_BUNDLE_IDENTIFIER = com.tsheaff.PianoVista;
				PRODUCT_NAME = "$(TARGET_NAME)";
				SWIFT_VERSION = 5.0;
			};
			name = Debug;
		};
		4D70A2CB245F943E0046F46B /* Release */ = {
			isa = XCBuildConfiguration;
			baseConfigurationReference = CF553FE7874D56ECBD02903F /* Pods-PianoVista.release.xcconfig */;
			buildSettings = {
				ASSETCATALOG_COMPILER_APPICON_NAME = AppIcon;
				CODE_SIGN_ENTITLEMENTS = PianoVista/PianoVista.entitlements;
				CODE_SIGN_STYLE = Automatic;
				COMBINE_HIDPI_IMAGES = YES;
				DEVELOPMENT_TEAM = M28H8UCMWT;
				ENABLE_HARDENED_RUNTIME = YES;
				INFOPLIST_FILE = PianoVista/Info.plist;
				LD_RUNPATH_SEARCH_PATHS = (
					"$(inherited)",
					"@executable_path/../Frameworks",
				);
				PRODUCT_BUNDLE_IDENTIFIER = com.tsheaff.PianoVista;
				PRODUCT_NAME = "$(TARGET_NAME)";
				SWIFT_VERSION = 5.0;
			};
			name = Release;
		};
/* End XCBuildConfiguration section */

/* Begin XCConfigurationList section */
		4D70A2B4245F943C0046F46B /* Build configuration list for PBXProject "PianoVista" */ = {
			isa = XCConfigurationList;
			buildConfigurations = (
				4D70A2C7245F943E0046F46B /* Debug */,
				4D70A2C8245F943E0046F46B /* Release */,
			);
			defaultConfigurationIsVisible = 0;
			defaultConfigurationName = Release;
		};
		4D70A2C9245F943E0046F46B /* Build configuration list for PBXNativeTarget "PianoVista" */ = {
			isa = XCConfigurationList;
			buildConfigurations = (
				4D70A2CA245F943E0046F46B /* Debug */,
				4D70A2CB245F943E0046F46B /* Release */,
			);
			defaultConfigurationIsVisible = 0;
			defaultConfigurationName = Release;
		};
/* End XCConfigurationList section */
	};
	rootObject = 4D70A2B1245F943C0046F46B /* Project object */;
}
